
Microsoft Visual Studio Solution File, Format Version 12.00
# Visual Studio Version 17
VisualStudioVersion = 17.11.35312.102
MinimumVisualStudioVersion = 10.0.40219.1
Project("{FAE04EC0-301F-11D3-BF4B-00C04F79EFBC}") = "HomeworkZad5", "HomeworkZad5\HomeworkZad5.csproj", "{E2132A81-86EF-4ACB-AA3D-03ECEF848517}"
EndProject
Global
	GlobalSection(SolutionConfigurationPlatforms) = preSolution
		Debug|Any CPU = Debug|Any CPU
		Release|Any CPU = Release|Any CPU
	EndGlobalSection
	GlobalSection(ProjectConfigurationPlatforms) = postSolution
		{E2132A81-86EF-4ACB-AA3D-03ECEF848517}.Debug|Any CPU.ActiveCfg = Debug|Any CPU
		{E2132A81-86EF-4ACB-AA3D-03ECEF848517}.Debug|Any CPU.Build.0 = Debug|Any CPU
		{E2132A81-86EF-4ACB-AA3D-03ECEF848517}.Release|Any CPU.ActiveCfg = Release|Any CPU
		{E2132A81-86EF-4ACB-AA3D-03ECEF848517}.Release|Any CPU.Build.0 = Release|Any CPU
	EndGlobalSection
	GlobalSection(SolutionProperties) = preSolution
		HideSolutionNode = FALSE
	EndGlobalSection
	GlobalSection(ExtensibilityGlobals) = postSolution
		SolutionGuid = {1582A7C8-26DE-4B0A-A41C-CABBC77944AD}
	EndGlobalSection
EndGlobal
